
Microsoft Visual Studio Solution File, Format Version 12.00
# Visual Studio Version 17
VisualStudioVersion = 17.7.34031.279
MinimumVisualStudioVersion = 10.0.40219.1
Project("{FAE04EC0-301F-11D3-BF4B-00C04F79EFBC}") = "Bool Logic", "Bool Logic\Bool Logic.csproj", "{39391EF1-0A88-4BF6-A010-1225044C5917}"
EndProject
Global
	GlobalSection(SolutionConfigurationPlatforms) = preSolution
		Debug|Any CPU = Debug|Any CPU
		Release|Any CPU = Release|Any CPU
	EndGlobalSection
	GlobalSection(ProjectConfigurationPlatforms) = postSolution
		{39391EF1-0A88-4BF6-A010-1225044C5917}.Debug|Any CPU.ActiveCfg = Debug|Any CPU
		{39391EF1-0A88-4BF6-A010-1225044C5917}.Debug|Any CPU.Build.0 = Debug|Any CPU
		{39391EF1-0A88-4BF6-A010-1225044C5917}.Release|Any CPU.ActiveCfg = Release|Any CPU
		{39391EF1-0A88-4BF6-A010-1225044C5917}.Release|Any CPU.Build.0 = Release|Any CPU
	EndGlobalSection
	GlobalSection(SolutionProperties) = preSolution
		HideSolutionNode = FALSE
	EndGlobalSection
	GlobalSection(ExtensibilityGlobals) = postSolution
		SolutionGuid = {BDD09948-3B5B-498B-A029-BEB56997A9C4}
	EndGlobalSection
EndGlobal
